
Microsoft Visual Studio Solution File, Format Version 12.00
# Visual Studio Version 17
VisualStudioVersion = 17.10.35027.167
MinimumVisualStudioVersion = 10.0.40219.1
Project("{FAE04EC0-301F-11D3-BF4B-00C04F79EFBC}") = "SupermarketAPI", "SupermarketAPI\SupermarketAPI.csproj", "{2CD85A77-1439-4FD0-B43E-123C84935D4F}"
EndProject
Global
	GlobalSection(SolutionConfigurationPlatforms) = preSolution
		Debug|Any CPU = Debug|Any CPU
		Release|Any CPU = Release|Any CPU
	EndGlobalSection
	GlobalSection(ProjectConfigurationPlatforms) = postSolution
		{2CD85A77-1439-4FD0-B43E-123C84935D4F}.Debug|Any CPU.ActiveCfg = Debug|Any CPU
		{2CD85A77-1439-4FD0-B43E-123C84935D4F}.Debug|Any CPU.Build.0 = Debug|Any CPU
		{2CD85A77-1439-4FD0-B43E-123C84935D4F}.Release|Any CPU.ActiveCfg = Release|Any CPU
		{2CD85A77-1439-4FD0-B43E-123C84935D4F}.Release|Any CPU.Build.0 = Release|Any CPU
	EndGlobalSection
	GlobalSection(SolutionProperties) = preSolution
		HideSolutionNode = FALSE
	EndGlobalSection
	GlobalSection(ExtensibilityGlobals) = postSolution
		SolutionGuid = {B50ABEF5-2B61-496E-8F52-0AA565A7AEF1}
	EndGlobalSection
EndGlobal
